
Microsoft Visual Studio Solution File, Format Version 12.00
# Visual Studio Version 16
VisualStudioVersion = 16.0.29201.188
MinimumVisualStudioVersion = 10.0.40219.1
Project("{888888A0-9F3D-457C-B088-3A5042F75D52}") = "SQLProject", "SQLProject\SQLProject.pyproj", "{9459301B-F5FD-41BE-B99D-F6F8CB62B2C0}"
EndProject
Global
	GlobalSection(SolutionConfigurationPlatforms) = preSolution
		Debug|Any CPU = Debug|Any CPU
		Release|Any CPU = Release|Any CPU
	EndGlobalSection
	GlobalSection(ProjectConfigurationPlatforms) = postSolution
		{9459301B-F5FD-41BE-B99D-F6F8CB62B2C0}.Debug|Any CPU.ActiveCfg = Debug|Any CPU
		{9459301B-F5FD-41BE-B99D-F6F8CB62B2C0}.Release|Any CPU.ActiveCfg = Release|Any CPU
	EndGlobalSection
	GlobalSection(SolutionProperties) = preSolution
		HideSolutionNode = FALSE
	EndGlobalSection
	GlobalSection(ExtensibilityGlobals) = postSolution
		SolutionGuid = {AC2C2F75-1F91-4B65-8665-2600D6FFA2D7}
	EndGlobalSection
EndGlobal
